<?xml version="1.0" encoding="utf-8"?>
<Project ToolsVersion="4.0" xmlns="http://schemas.microsoft.com/developer/msbuild/2003">
  <ItemGroup>
    <Filter Include="Source Files">
      <UniqueIdentifier>{4FC737F1-C7A5-4376-A066-2A32D752A2FF}</UniqueIdentifier>
      <Extensions>cpp;c;cc;cxx;c++;cppm;ixx;def;odl;idl;hpj;bat;asm;asmx</Extensions>
    </Filter>
    <Filter Include="Header Files">
      <UniqueIdentifier>{93995380-89BD-4b04-88EB-625FBE52EBFB}</UniqueIdentifier>
      <Extensions>h;hh;hpp;hxx;h++;hm;inl;inc;ipp;xsd</Extensions>
    </Filter>
    <Filter Include="Resource Files">
      <UniqueIdentifier>{67DA6AB6-F800-4c08-8B7A-83BB121AAD01}</UniqueIdentifier>
      <Extensions>rc;ico;cur;bmp;dlg;rc2;rct;bin;rgs;gif;jpg;jpeg;jpe;resx;tiff;tif;png;wav;mfcribbon-ms</Extensions>
    </Filter>
  </ItemGroup>
  <ItemGroup>
    <ClCompile Include="Source\Application.cpp">
      <Filter>Source Files</Filter>
    </ClCompile>
    <ClCompile Include="Source\Vendor\stb_image.cpp">
      <Filter>Source Files</Filter>
    </ClCompile>
    <ClCompile Include="Source\GLAbstraction.cpp">
      <Filter>Source Files</Filter>
    </ClCompile>
    <ClCompile Include="Source\Character.cpp">
      <Filter>Source Files</Filter>
    </ClCompile>
    <ClCompile Include="Source\CallBack.cpp">
      <Filter>Source Files</Filter>
    </ClCompile>
    <ClCompile Include="Source\Program.cpp">
      <Filter>Source Files</Filter>
    </ClCompile>
    <ClCompile Include="Source\GLObejct.cpp">
      <Filter>Source Files</Filter>
    </ClCompile>
    <ClCompile Include="Source\TextEditor.cpp">
      <Filter>Source Files</Filter>
    </ClCompile>
    <ClCompile Include="Source\TextArea.cpp">
      <Filter>Source Files</Filter>
    </ClCompile>
    <ClCompile Include="Source\Command.cpp">
      <Filter>Source Files</Filter>
    </ClCompile>
    <ClCompile Include="Source\TextViewer.cpp">
      <Filter>Source Files</Filter>
    </ClCompile>
    <ClCompile Include="Source\NoteViewer.cpp">
      <Filter>Source Files</Filter>
    </ClCompile>
    <ClCompile Include="Source\Misc.cpp">
      <Filter>Source Files</Filter>
    </ClCompile>
    <ClCompile Include="Source\Shortcut.cpp">
      <Filter>Source Files</Filter>
    </ClCompile>
    <ClCompile Include="Source\UndoObject.cpp">
      <Filter>Source Files</Filter>
    </ClCompile>
  </ItemGroup>
  <ItemGroup>
    <None Include="res\fragment.glsl" />
    <None Include="res\vertex.glsl" />
  </ItemGroup>
  <ItemGroup>
    <Image Include="res\font texture.png">
      <Filter>Resource Files</Filter>
    </Image>
  </ItemGroup>
  <ItemGroup>
    <ClInclude Include="Source\Headers\GLAbstraction.h">
      <Filter>Header Files</Filter>
    </ClInclude>
    <ClInclude Include="Source\Headers\Character.h">
      <Filter>Header Files</Filter>
    </ClInclude>
    <ClInclude Include="Source\Headers\CallBack.h">
      <Filter>Header Files</Filter>
    </ClInclude>
    <ClInclude Include="Source\Headers\Uniforms.h">
      <Filter>Header Files</Filter>
    </ClInclude>
    <ClInclude Include="Source\Headers\Program.h">
      <Filter>Header Files</Filter>
    </ClInclude>
    <ClInclude Include="Source\Headers\TextArea.h">
      <Filter>Header Files</Filter>
    </ClInclude>
    <ClInclude Include="Source\Headers\GLObejct.h">
      <Filter>Header Files</Filter>
    </ClInclude>
    <ClInclude Include="Source\Headers\TextEditor.h">
      <Filter>Header Files</Filter>
    </ClInclude>
    <ClInclude Include="Source\Headers\Command.h">
      <Filter>Header Files</Filter>
    </ClInclude>
    <ClInclude Include="Source\Headers\TextViewer.h">
      <Filter>Header Files</Filter>
    </ClInclude>
    <ClInclude Include="Source\Headers\NoteViewer.h">
      <Filter>Header Files</Filter>
    </ClInclude>
    <ClInclude Include="Source\Headers\Misc.h">
      <Filter>Header Files</Filter>
    </ClInclude>
    <ClInclude Include="Source\Headers\Shortcut.h">
      <Filter>Header Files</Filter>
    </ClInclude>
    <ClInclude Include="Source\Headers\UndoObject.h">
      <Filter>Header Files</Filter>
    </ClInclude>
    <ClInclude Include="Source\resource.h">
      <Filter>Header Files</Filter>
    </ClInclude>
  </ItemGroup>
  <ItemGroup>
    <ResourceCompile Include="Null.rc">
      <Filter>Resource Files</Filter>
    </ResourceCompile>
  </ItemGroup>
</Project>